
Microsoft Visual Studio Solution File, Format Version 12.00
# Visual Studio 15
VisualStudioVersion = 15.0.28307.421
MinimumVisualStudioVersion = 10.0.40219.1
Project("{FAE04EC0-301F-11D3-BF4B-00C04F79EFBC}") = "Ejer1", "Guia3\Ejer1.csproj", "{44404051-64D1-45F9-8AF3-AAFB54ECE68B}"
EndProject
Project("{FAE04EC0-301F-11D3-BF4B-00C04F79EFBC}") = "Ejer2", "Ejer2\Ejer2.csproj", "{28BAE2E5-40A7-4C68-B3ED-CCE905F55871}"
EndProject
Project("{FAE04EC0-301F-11D3-BF4B-00C04F79EFBC}") = "Ejer3", "Ejer3\Ejer3.csproj", "{2BEE83F8-EBA6-4F1B-9C26-A3DB31373209}"
EndProject
Project("{FAE04EC0-301F-11D3-BF4B-00C04F79EFBC}") = "Ejer4", "Ejer4\Ejer4.csproj", "{ADBD2122-58C2-47FC-A7A8-ECB0E63F9933}"
EndProject
Global
	GlobalSection(SolutionConfigurationPlatforms) = preSolution
		Debug|Any CPU = Debug|Any CPU
		Release|Any CPU = Release|Any CPU
	EndGlobalSection
	GlobalSection(ProjectConfigurationPlatforms) = postSolution
		{44404051-64D1-45F9-8AF3-AAFB54ECE68B}.Debug|Any CPU.ActiveCfg = Debug|Any CPU
		{44404051-64D1-45F9-8AF3-AAFB54ECE68B}.Debug|Any CPU.Build.0 = Debug|Any CPU
		{44404051-64D1-45F9-8AF3-AAFB54ECE68B}.Release|Any CPU.ActiveCfg = Release|Any CPU
		{44404051-64D1-45F9-8AF3-AAFB54ECE68B}.Release|Any CPU.Build.0 = Release|Any CPU
		{28BAE2E5-40A7-4C68-B3ED-CCE905F55871}.Debug|Any CPU.ActiveCfg = Debug|Any CPU
		{28BAE2E5-40A7-4C68-B3ED-CCE905F55871}.Debug|Any CPU.Build.0 = Debug|Any CPU
		{28BAE2E5-40A7-4C68-B3ED-CCE905F55871}.Release|Any CPU.ActiveCfg = Release|Any CPU
		{28BAE2E5-40A7-4C68-B3ED-CCE905F55871}.Release|Any CPU.Build.0 = Release|Any CPU
		{2BEE83F8-EBA6-4F1B-9C26-A3DB31373209}.Debug|Any CPU.ActiveCfg = Debug|Any CPU
		{2BEE83F8-EBA6-4F1B-9C26-A3DB31373209}.Debug|Any CPU.Build.0 = Debug|Any CPU
		{2BEE83F8-EBA6-4F1B-9C26-A3DB31373209}.Release|Any CPU.ActiveCfg = Release|Any CPU
		{2BEE83F8-EBA6-4F1B-9C26-A3DB31373209}.Release|Any CPU.Build.0 = Release|Any CPU
		{ADBD2122-58C2-47FC-A7A8-ECB0E63F9933}.Debug|Any CPU.ActiveCfg = Debug|Any CPU
		{ADBD2122-58C2-47FC-A7A8-ECB0E63F9933}.Debug|Any CPU.Build.0 = Debug|Any CPU
		{ADBD2122-58C2-47FC-A7A8-ECB0E63F9933}.Release|Any CPU.ActiveCfg = Release|Any CPU
		{ADBD2122-58C2-47FC-A7A8-ECB0E63F9933}.Release|Any CPU.Build.0 = Release|Any CPU
	EndGlobalSection
	GlobalSection(SolutionProperties) = preSolution
		HideSolutionNode = FALSE
	EndGlobalSection
	GlobalSection(ExtensibilityGlobals) = postSolution
		SolutionGuid = {745B41D8-3974-48B2-9598-07587AD9103B}
	EndGlobalSection
EndGlobal
